<Solution>
  <Folder Name="/解决方案项/">
    <File Path="CompassEx类库算法说明.md" />
    <File Path="LICENSE" />
    <File Path="README.md" />
  </Folder>
  <Project Path="CompassEx/CompassEx.csproj">
    <BuildType Project="Debug" />
  </Project>
  <Project Path="CompassExTest/CompassExTest.csproj">
    <BuildType Project="Debug" />
    <Deploy />
  </Project>
  <Project Path="Generator/Generator.csproj">
    <BuildType Project="Debug" />
  </Project>
</Solution>
